
Microsoft Visual Studio Solution File, Format Version 12.00
# Visual Studio 2012
Project("{FAE04EC0-301F-11D3-BF4B-00C04F79EFBC}") = "Docu", "Docu.Console\Docu.csproj", "{2FB9E7C3-B602-4343-B510-9C8DBFC7B8FD}"
EndProject
Project("{FAE04EC0-301F-11D3-BF4B-00C04F79EFBC}") = "Docu.Tests", "Docu.Tests\Docu.Tests.csproj", "{76E3611F-A908-4A1B-8673-A221DD8C5301}"
EndProject
Project("{2150E333-8FDC-42A3-9474-1A3956D46DE8}") = ".nuget", ".nuget", "{786B11E6-09EC-4880-A78F-A2B030A3E9D7}"
	ProjectSection(SolutionItems) = preProject
		.nuget\packages.config = .nuget\packages.config
	EndProjectSection
EndProject
Project("{2150E333-8FDC-42A3-9474-1A3956D46DE8}") = ".build", ".build", "{6D6DE7D7-5038-40FE-B4D2-5953D1D9A282}"
	ProjectSection(SolutionItems) = preProject
		Build.proj = Build.proj
		.build\MSBuild.Community.Tasks.dll = .build\MSBuild.Community.Tasks.dll
		.build\MSBuild.Community.Tasks.targets = .build\MSBuild.Community.Tasks.targets
	EndProjectSection
EndProject
Global
	GlobalSection(SolutionConfigurationPlatforms) = preSolution
		Debug|Any CPU = Debug|Any CPU
		Release|Any CPU = Release|Any CPU
	EndGlobalSection
	GlobalSection(ProjectConfigurationPlatforms) = postSolution
		{2FB9E7C3-B602-4343-B510-9C8DBFC7B8FD}.Debug|Any CPU.ActiveCfg = Debug|Any CPU
		{2FB9E7C3-B602-4343-B510-9C8DBFC7B8FD}.Debug|Any CPU.Build.0 = Debug|Any CPU
		{2FB9E7C3-B602-4343-B510-9C8DBFC7B8FD}.Release|Any CPU.ActiveCfg = Release|Any CPU
		{2FB9E7C3-B602-4343-B510-9C8DBFC7B8FD}.Release|Any CPU.Build.0 = Release|Any CPU
		{76E3611F-A908-4A1B-8673-A221DD8C5301}.Debug|Any CPU.ActiveCfg = Debug|Any CPU
		{76E3611F-A908-4A1B-8673-A221DD8C5301}.Debug|Any CPU.Build.0 = Debug|Any CPU
		{76E3611F-A908-4A1B-8673-A221DD8C5301}.Release|Any CPU.ActiveCfg = Release|Any CPU
		{76E3611F-A908-4A1B-8673-A221DD8C5301}.Release|Any CPU.Build.0 = Release|Any CPU
	EndGlobalSection
	GlobalSection(SolutionProperties) = preSolution
		HideSolutionNode = FALSE
	EndGlobalSection
EndGlobal
